
Microsoft Visual Studio Solution File, Format Version 12.00
# Visual Studio Version 16
VisualStudioVersion = 16.0.29306.81
MinimumVisualStudioVersion = 10.0.40219.1
Project("{FAE04EC0-301F-11D3-BF4B-00C04F79EFBC}") = "Server", "Server\Server.csproj", "{71796F7F-9E14-4560-8925-189753597D9C}"
EndProject
Project("{FAE04EC0-301F-11D3-BF4B-00C04F79EFBC}") = "Client", "Client\Client.csproj", "{F3874C6E-CE77-464A-92CD-CF63B2CD47DE}"
EndProject
Global
	GlobalSection(SolutionConfigurationPlatforms) = preSolution
		Debug|Any CPU = Debug|Any CPU
		Release|Any CPU = Release|Any CPU
	EndGlobalSection
	GlobalSection(ProjectConfigurationPlatforms) = postSolution
		{71796F7F-9E14-4560-8925-189753597D9C}.Debug|Any CPU.ActiveCfg = Debug|Any CPU
		{71796F7F-9E14-4560-8925-189753597D9C}.Debug|Any CPU.Build.0 = Debug|Any CPU
		{71796F7F-9E14-4560-8925-189753597D9C}.Release|Any CPU.ActiveCfg = Release|Any CPU
		{71796F7F-9E14-4560-8925-189753597D9C}.Release|Any CPU.Build.0 = Release|Any CPU
		{F3874C6E-CE77-464A-92CD-CF63B2CD47DE}.Debug|Any CPU.ActiveCfg = Debug|Any CPU
		{F3874C6E-CE77-464A-92CD-CF63B2CD47DE}.Debug|Any CPU.Build.0 = Debug|Any CPU
		{F3874C6E-CE77-464A-92CD-CF63B2CD47DE}.Release|Any CPU.ActiveCfg = Release|Any CPU
		{F3874C6E-CE77-464A-92CD-CF63B2CD47DE}.Release|Any CPU.Build.0 = Release|Any CPU
	EndGlobalSection
	GlobalSection(SolutionProperties) = preSolution
		HideSolutionNode = FALSE
	EndGlobalSection
	GlobalSection(ExtensibilityGlobals) = postSolution
		SolutionGuid = {D21AB6B8-422F-4362-809F-BE7743C1F09A}
	EndGlobalSection
EndGlobal
