
Microsoft Visual Studio Solution File, Format Version 12.00
# Visual Studio Version 16
VisualStudioVersion = 16.0.29025.244
MinimumVisualStudioVersion = 10.0.40219.1
Project("{FAE04EC0-301F-11D3-BF4B-00C04F79EFBC}") = "Server", "Server\Server.csproj", "{999E28F7-3CEC-459D-A5B5-4633D6CB2DF7}"
EndProject
Project("{FAE04EC0-301F-11D3-BF4B-00C04F79EFBC}") = "Client", "Client\Client.csproj", "{171BAF18-FB04-42A1-91AA-D1375D918748}"
EndProject
Global
	GlobalSection(SolutionConfigurationPlatforms) = preSolution
		Debug|Any CPU = Debug|Any CPU
		Release|Any CPU = Release|Any CPU
	EndGlobalSection
	GlobalSection(ProjectConfigurationPlatforms) = postSolution
		{999E28F7-3CEC-459D-A5B5-4633D6CB2DF7}.Debug|Any CPU.ActiveCfg = Debug|Any CPU
		{999E28F7-3CEC-459D-A5B5-4633D6CB2DF7}.Debug|Any CPU.Build.0 = Debug|Any CPU
		{999E28F7-3CEC-459D-A5B5-4633D6CB2DF7}.Release|Any CPU.ActiveCfg = Release|Any CPU
		{999E28F7-3CEC-459D-A5B5-4633D6CB2DF7}.Release|Any CPU.Build.0 = Release|Any CPU
		{171BAF18-FB04-42A1-91AA-D1375D918748}.Debug|Any CPU.ActiveCfg = Debug|Any CPU
		{171BAF18-FB04-42A1-91AA-D1375D918748}.Debug|Any CPU.Build.0 = Debug|Any CPU
		{171BAF18-FB04-42A1-91AA-D1375D918748}.Release|Any CPU.ActiveCfg = Release|Any CPU
		{171BAF18-FB04-42A1-91AA-D1375D918748}.Release|Any CPU.Build.0 = Release|Any CPU
	EndGlobalSection
	GlobalSection(SolutionProperties) = preSolution
		HideSolutionNode = FALSE
	EndGlobalSection
	GlobalSection(ExtensibilityGlobals) = postSolution
		SolutionGuid = {98B697C8-45FB-48EE-8209-E900B6025603}
	EndGlobalSection
EndGlobal
