
Microsoft Visual Studio Solution File, Format Version 12.00
# Visual Studio Version 16
VisualStudioVersion = 16.0.29306.81
MinimumVisualStudioVersion = 10.0.40219.1
Project("{FAE04EC0-301F-11D3-BF4B-00C04F79EFBC}") = "ServerChatapp", "ServerChatapp\ServerChatapp.csproj", "{C36B721A-FF0A-4859-84FD-67037E73F2BE}"
EndProject
Project("{FAE04EC0-301F-11D3-BF4B-00C04F79EFBC}") = "Chatapp", "Chatapp\Chatapp.csproj", "{C63A740C-FD1B-4A54-B57A-DE0E25BD75CF}"
EndProject
Project("{FAE04EC0-301F-11D3-BF4B-00C04F79EFBC}") = "Data", "Data\Data.csproj", "{7A6EDF47-AFD0-4147-A68D-1A9CB1DDF82A}"
EndProject
Global
	GlobalSection(SolutionConfigurationPlatforms) = preSolution
		Debug|Any CPU = Debug|Any CPU
		Release|Any CPU = Release|Any CPU
	EndGlobalSection
	GlobalSection(ProjectConfigurationPlatforms) = postSolution
		{C36B721A-FF0A-4859-84FD-67037E73F2BE}.Debug|Any CPU.ActiveCfg = Debug|Any CPU
		{C36B721A-FF0A-4859-84FD-67037E73F2BE}.Debug|Any CPU.Build.0 = Debug|Any CPU
		{C36B721A-FF0A-4859-84FD-67037E73F2BE}.Release|Any CPU.ActiveCfg = Release|Any CPU
		{C36B721A-FF0A-4859-84FD-67037E73F2BE}.Release|Any CPU.Build.0 = Release|Any CPU
		{C63A740C-FD1B-4A54-B57A-DE0E25BD75CF}.Debug|Any CPU.ActiveCfg = Debug|Any CPU
		{C63A740C-FD1B-4A54-B57A-DE0E25BD75CF}.Debug|Any CPU.Build.0 = Debug|Any CPU
		{C63A740C-FD1B-4A54-B57A-DE0E25BD75CF}.Release|Any CPU.ActiveCfg = Release|Any CPU
		{C63A740C-FD1B-4A54-B57A-DE0E25BD75CF}.Release|Any CPU.Build.0 = Release|Any CPU
		{7A6EDF47-AFD0-4147-A68D-1A9CB1DDF82A}.Debug|Any CPU.ActiveCfg = Debug|Any CPU
		{7A6EDF47-AFD0-4147-A68D-1A9CB1DDF82A}.Release|Any CPU.ActiveCfg = Release|Any CPU
		{7A6EDF47-AFD0-4147-A68D-1A9CB1DDF82A}.Release|Any CPU.Build.0 = Release|Any CPU
	EndGlobalSection
	GlobalSection(SolutionProperties) = preSolution
		HideSolutionNode = FALSE
	EndGlobalSection
	GlobalSection(ExtensibilityGlobals) = postSolution
		SolutionGuid = {D21AB6B8-422F-4362-809F-BE7743C1F09A}
	EndGlobalSection
EndGlobal
