
Microsoft Visual Studio Solution File, Format Version 12.00
# Visual Studio Version 16
VisualStudioVersion = 16.0.29025.244
MinimumVisualStudioVersion = 10.0.40219.1
Project("{FAE04EC0-301F-11D3-BF4B-00C04F79EFBC}") = "Server", "Server\Server.csproj", "{94044B76-1C58-436D-9011-8C6593F4136E}"
EndProject
Project("{FAE04EC0-301F-11D3-BF4B-00C04F79EFBC}") = "Data", "Data\Data.csproj", "{BFC0ACAE-BF44-43A1-AC5A-429D5D2AC426}"
EndProject
Project("{FAE04EC0-301F-11D3-BF4B-00C04F79EFBC}") = "Client", "Client\Client.csproj", "{A955D1AD-ACC1-4567-B025-AFA6B52B9865}"
EndProject
Global
	GlobalSection(SolutionConfigurationPlatforms) = preSolution
		Debug|Any CPU = Debug|Any CPU
		Release|Any CPU = Release|Any CPU
	EndGlobalSection
	GlobalSection(ProjectConfigurationPlatforms) = postSolution
		{94044B76-1C58-436D-9011-8C6593F4136E}.Debug|Any CPU.ActiveCfg = Debug|Any CPU
		{94044B76-1C58-436D-9011-8C6593F4136E}.Debug|Any CPU.Build.0 = Debug|Any CPU
		{94044B76-1C58-436D-9011-8C6593F4136E}.Release|Any CPU.ActiveCfg = Release|Any CPU
		{94044B76-1C58-436D-9011-8C6593F4136E}.Release|Any CPU.Build.0 = Release|Any CPU
		{BFC0ACAE-BF44-43A1-AC5A-429D5D2AC426}.Debug|Any CPU.ActiveCfg = Release|Any CPU
		{BFC0ACAE-BF44-43A1-AC5A-429D5D2AC426}.Debug|Any CPU.Build.0 = Release|Any CPU
		{BFC0ACAE-BF44-43A1-AC5A-429D5D2AC426}.Release|Any CPU.ActiveCfg = Release|Any CPU
		{A955D1AD-ACC1-4567-B025-AFA6B52B9865}.Debug|Any CPU.ActiveCfg = Debug|Any CPU
		{A955D1AD-ACC1-4567-B025-AFA6B52B9865}.Debug|Any CPU.Build.0 = Debug|Any CPU
		{A955D1AD-ACC1-4567-B025-AFA6B52B9865}.Release|Any CPU.ActiveCfg = Release|Any CPU
		{A955D1AD-ACC1-4567-B025-AFA6B52B9865}.Release|Any CPU.Build.0 = Release|Any CPU
	EndGlobalSection
	GlobalSection(SolutionProperties) = preSolution
		HideSolutionNode = FALSE
	EndGlobalSection
	GlobalSection(ExtensibilityGlobals) = postSolution
		SolutionGuid = {798A792C-03A7-4190-BCFE-A9F10A639C5C}
	EndGlobalSection
EndGlobal
